# THIS IS AN AUTOGENERATED FILE. DO NOT EDIT THIS FILE DIRECTLY.
# yarn lockfile v1


co@^4.6.0:
  version "4.6.0"
  resolved "https://registry.yarnpkg.com/co/-/co-4.6.0.tgz#6ea6bdf3d853ae54ccb8e47bfa0bf3f9031fb184"

split@^1.0.0:
  version "1.0.0"
  resolved "https://registry.yarnpkg.com/split/-/split-1.0.0.tgz#c4395ce683abcd254bc28fe1dabb6e5c27dcffae"
  dependencies:
    through "2"

sugar-core@^2.0.0:
  version "2.0.4"
  resolved "https://registry.yarnpkg.com/sugar-core/-/sugar-core-2.0.4.tgz#9db0730e6c47eb7d28184a79c4ab18b2b7946ca0"

sugar-date@^2.0.4:
  version "2.0.4"
  resolved "https://registry.yarnpkg.com/sugar-date/-/sugar-date-2.0.4.tgz#6b297276487445c246487a4239480a3cfabd55c2"
  dependencies:
    sugar-core "^2.0.0"

"sweet-dates@https://github.com/otolab/sweet-detes.git#0.1.3":
  version "0.1.3"
  resolved "https://github.com/otolab/sweet-detes.git#c5f988413821c49315146a167dbfd140c4962547"
  dependencies:
    sugar-date "^2.0.4"
    timezone-js "^0.4.13"

through@2:
  version "2.3.8"
  resolved "https://registry.yarnpkg.com/through/-/through-2.3.8.tgz#0dd4c9ffaabc357960b1b724115d7e0e86a2e1f5"

timezone-js@^0.4.13:
  version "0.4.13"
  resolved "https://registry.yarnpkg.com/timezone-js/-/timezone-js-0.4.13.tgz#4fd09d951007d524db00dadb75fa5b59f9d2cbac"
